# This file is autogenerated, do not edit; changes may be undone by the next 'dep ensure'.


[[projects]]
  branch = "master"
  digest = "1:06012a7a2414f52b9fda41f6e36cce0a7aa015817682095f9e9abd7c4da7b0e9"
  name = "github.com/akatakun/vpk-1"
  packages = ["."]
  pruneopts = "UT"
  revision = "69d596de3d670a5e8b243aa6622ebbd31c4ae8b5"

[solve-meta]
  analyzer-name = "dep"
  analyzer-version = 1
  input-imports = ["github.com/akatakun/vpk-1"]
  solver-name = "gps-cdcl"
  solver-version = 1
